lockfileVersion: '9.0'

settings:
  autoInstallPeers: true
  excludeLinksFromLockfile: false

importers:

  .:
    devDependencies:
      '@tauri-apps/cli':
        specifier: '>=2.0.0-rc.0'
        version: 2.0.0-rc.8

packages:

  '@tauri-apps/cli-darwin-arm64@2.0.0-rc.8':
    resolution: {integrity: sha512-XDjFLfCz7gOsKg9qFyK7S9EbrdcLhWE2bSTvHDpnFdMc+DcjMR4O3HuCO7SrPmmFUf86OknYFiuMPEUoHf0Fiw==}
    engines: {node: '>= 10'}
    cpu: [arm64]
    os: [darwin]

  '@tauri-apps/cli-darwin-x64@2.0.0-rc.8':
    resolution: {integrity: sha512-vYuITao7qq45jzTXRFdAcB+rVBULmofksWsKzoi+cgI8R0kcfB3bts+FRBdV3j+fkbpBQKpriW6Y6gdOzbf6Ow==}
    engines: {node: '>= 10'}
    cpu: [x64]
    os: [darwin]

  '@tauri-apps/cli-linux-arm-gnueabihf@2.0.0-rc.8':
    resolution: {integrity: sha512-iW1gJyRBvwxCeBEu+ain18v8FtFBhrsqepzuUyOy7hZJWUMPdKHJhbFVz6xp3RGZf5ycsLUr3ZhqMB3vKtv7iQ==}
    engines: {node: '>= 10'}
    cpu: [arm]
    os: [linux]

  '@tauri-apps/cli-linux-arm64-gnu@2.0.0-rc.8':
    resolution: {integrity: sha512-k1HQHpu59B8JteXALCSdCQBUVb+ytsg1u/QEWPzCm7mFhzr7jqdfBjQVAKt0T5rdQQTcNtK341oB7izuXmJE2A==}
    engines: {node: '>= 10'}
    cpu: [arm64]
    os: [linux]

  '@tauri-apps/cli-linux-arm64-musl@2.0.0-rc.8':
    resolution: {integrity: sha512-tMotP7J/dMqCL8zPCwtMwjeO3SK1yxU9bUMZ3mwdAtf+3xr2d2hpmGo4KXk5r2jQee9+dIC3IBXexFhrVJGRHA==}
    engines: {node: '>= 10'}
    cpu: [arm64]
    os: [linux]

  '@tauri-apps/cli-linux-x64-gnu@2.0.0-rc.8':
    resolution: {integrity: sha512-AnLghADQgt4oyp4rQyjpKfGpdAqofd+SRO9kht5d4c0RSViqwHBjIxrCt9FDhBpBwwkC6T6NNuQqaofZSnOH6Q==}
    engines: {node: '>= 10'}
    cpu: [x64]
    os: [linux]

  '@tauri-apps/cli-linux-x64-musl@2.0.0-rc.8':
    resolution: {integrity: sha512-jv/uiXI2K41/XMA2vnKMcpdv1tKvez70HHvBoIwHhelmXV5V6Tpu5fTMEAXbA6WbJNfcFRi0kd55YRBOS0DZcw==}
    engines: {node: '>= 10'}
    cpu: [x64]
    os: [linux]

  '@tauri-apps/cli-win32-arm64-msvc@2.0.0-rc.8':
    resolution: {integrity: sha512-wctgwSfuyJ0lXBzQSzGq5TAy2m9VZichZPPJ7GitYzdHbqIRLmvxM1abRen7HikP1lpjdmjl96/kWQOebEV0qw==}
    engines: {node: '>= 10'}
    cpu: [arm64]
    os: [win32]

  '@tauri-apps/cli-win32-ia32-msvc@2.0.0-rc.8':
    resolution: {integrity: sha512-BBjoAezNpHscGhBICHrt+X+IyJIh9jYnaEIGvbCIMcGB6sSDxvtttw4ef9+4jNh3JixotOR2mwIudTc1H9HffQ==}
    engines: {node: '>= 10'}
    cpu: [ia32]
    os: [win32]

  '@tauri-apps/cli-win32-x64-msvc@2.0.0-rc.8':
    resolution: {integrity: sha512-1pgDw2woeyDMvXctmqc53LBxsaAYqiRNUVgwvzlmzJDbUHv4+Pj4B1OGKQh1YKlsmks8LK3mK9uSbk+k1OLZhw==}
    engines: {node: '>= 10'}
    cpu: [x64]
    os: [win32]

  '@tauri-apps/cli@2.0.0-rc.8':
    resolution: {integrity: sha512-hB6Pa0IaJs/As3Hc5IOiiK4Ilh9jspEA+2uPURCRQg4BkzQWwQzNdGQ4gjAzFNFAWPzy/4uuIXdnd1a+jC4wLA==}
    engines: {node: '>= 10'}
    hasBin: true

snapshots:

  '@tauri-apps/cli-darwin-arm64@2.0.0-rc.8':
    optional: true

  '@tauri-apps/cli-darwin-x64@2.0.0-rc.8':
    optional: true

  '@tauri-apps/cli-linux-arm-gnueabihf@2.0.0-rc.8':
    optional: true

  '@tauri-apps/cli-linux-arm64-gnu@2.0.0-rc.8':
    optional: true

  '@tauri-apps/cli-linux-arm64-musl@2.0.0-rc.8':
    optional: true

  '@tauri-apps/cli-linux-x64-gnu@2.0.0-rc.8':
    optional: true

  '@tauri-apps/cli-linux-x64-musl@2.0.0-rc.8':
    optional: true

  '@tauri-apps/cli-win32-arm64-msvc@2.0.0-rc.8':
    optional: true

  '@tauri-apps/cli-win32-ia32-msvc@2.0.0-rc.8':
    optional: true

  '@tauri-apps/cli-win32-x64-msvc@2.0.0-rc.8':
    optional: true

  '@tauri-apps/cli@2.0.0-rc.8':
    optionalDependencies:
      '@tauri-apps/cli-darwin-arm64': 2.0.0-rc.8
      '@tauri-apps/cli-darwin-x64': 2.0.0-rc.8
      '@tauri-apps/cli-linux-arm-gnueabihf': 2.0.0-rc.8
      '@tauri-apps/cli-linux-arm64-gnu': 2.0.0-rc.8
      '@tauri-apps/cli-linux-arm64-musl': 2.0.0-rc.8
      '@tauri-apps/cli-linux-x64-gnu': 2.0.0-rc.8
      '@tauri-apps/cli-linux-x64-musl': 2.0.0-rc.8
      '@tauri-apps/cli-win32-arm64-msvc': 2.0.0-rc.8
      '@tauri-apps/cli-win32-ia32-msvc': 2.0.0-rc.8
      '@tauri-apps/cli-win32-x64-msvc': 2.0.0-rc.8
